// !$*UTF8*$!
{
	archiveVersion = 1;
	classes = {
	};
	objectVersion = 46;
	objects = {

/* Begin PBXBuildFile section */
		BA0C4A37134E0840004E4D9E /* PostDetailController.m in Sources */ = {isa = PBXBuildFile; fileRef = BA0C4A35134E0840004E4D9E /* PostDetailController.m */; };
		BA2A3BCF13617C9E0028CE01 /* CFNetwork.framework in Frameworks */ = {isa = PBXBuildFile; fileRef = BA2A3BCE13617C9E0028CE01 /* CFNetwork.framework */; };
		BA2A3BD113617CB40028CE01 /* SystemConfiguration.framework in Frameworks */ = {isa = PBXBuildFile; fileRef = BA2A3BD013617CB40028CE01 /* SystemConfiguration.framework */; };
		BA2A3BD313617CC50028CE01 /* MobileCoreServices.framework in Frameworks */ = {isa = PBXBuildFile; fileRef = BA2A3BD213617CC50028CE01 /* MobileCoreServices.framework */; };
		BA2A3BD613617CDF0028CE01 /* libz.1.2.3.dylib in Frameworks */ = {isa = PBXBuildFile; fileRef = BA2A3BD513617CDF0028CE01 /* libz.1.2.3.dylib */; };
		BA2A3BD813617D7C0028CE01 /* libxml2.dylib in Frameworks */ = {isa = PBXBuildFile; fileRef = BA2A3BD713617D7C0028CE01 /* libxml2.dylib */; };
		BA50CFE11360153900F95D66 /* PostDetailView.m in Sources */ = {isa = PBXBuildFile; fileRef = BA50CFE01360153900F95D66 /* PostDetailView.m */; };
		BA50CFE51360423E00F95D66 /* PostListItemModel.m in Sources */ = {isa = PBXBuildFile; fileRef = BA50CFE41360423E00F95D66 /* PostListItemModel.m */; };
		BA51E185134976B800DECA82 /* TopTenDetail.xib in Resources */ = {isa = PBXBuildFile; fileRef = BA51E184134976B800DECA82 /* TopTenDetail.xib */; };
		BA51E18A134D958700DECA82 /* TopAllViewController.m in Sources */ = {isa = PBXBuildFile; fileRef = BA51E189134D958700DECA82 /* TopAllViewController.m */; };
		BA51E18C134D964A00DECA82 /* TopAllDetail.xib in Resources */ = {isa = PBXBuildFile; fileRef = BA51E18B134D964A00DECA82 /* TopAllDetail.xib */; };
		BA51E21C134DEA8800DECA82 /* PostListItem.xib in Resources */ = {isa = PBXBuildFile; fileRef = BA51E21B134DEA8800DECA82 /* PostListItem.xib */; };
		BA8B53BA136706C6009F1914 /* LoadingView.m in Sources */ = {isa = PBXBuildFile; fileRef = BA8B53B9136706C6009F1914 /* LoadingView.m */; };
		BA8B53BD136708BC009F1914 /* QuartzCore.framework in Frameworks */ = {isa = PBXBuildFile; fileRef = BA8B53BC136708BC009F1914 /* QuartzCore.framework */; };
		BA8B53C11367DFDC009F1914 /* BaseTableViewController.m in Sources */ = {isa = PBXBuildFile; fileRef = BA8B53BF1367DFD9009F1914 /* BaseTableViewController.m */; };
		BA8B53D6136959AB009F1914 /* BaseViewController.m in Sources */ = {isa = PBXBuildFile; fileRef = BA8B53D4136959A7009F1914 /* BaseViewController.m */; };
		BA8B53E81369A123009F1914 /* button_down.png in Resources */ = {isa = PBXBuildFile; fileRef = BA8B53E11369A123009F1914 /* button_down.png */; };
		BA8B53E91369A123009F1914 /* button_up.png in Resources */ = {isa = PBXBuildFile; fileRef = BA8B53E21369A123009F1914 /* button_up.png */; };
		BA8B53EA1369A123009F1914 /* checkmarkControllerIcon.png in Resources */ = {isa = PBXBuildFile; fileRef = BA8B53E31369A123009F1914 /* checkmarkControllerIcon.png */; };
		BA8B53EB1369A123009F1914 /* deleteMeIcon.png in Resources */ = {isa = PBXBuildFile; fileRef = BA8B53E41369A123009F1914 /* deleteMeIcon.png */; };
		BA8B53EC1369A123009F1914 /* detailEditIcon.png in Resources */ = {isa = PBXBuildFile; fileRef = BA8B53E51369A123009F1914 /* detailEditIcon.png */; };
		BA8B53ED1369A123009F1914 /* disclosureButtonControllerIcon.png in Resources */ = {isa = PBXBuildFile; fileRef = BA8B53E61369A123009F1914 /* disclosureButtonControllerIcon.png */; };
		BA8B53EE1369A123009F1914 /* moveMeIcon.png in Resources */ = {isa = PBXBuildFile; fileRef = BA8B53E71369A123009F1914 /* moveMeIcon.png */; };
		BA8B53F11369A15C009F1914 /* all.js in Sources */ = {isa = PBXBuildFile; fileRef = BA8B53EF1369A15C009F1914 /* all.js */; };
		BA8B53F21369A15C009F1914 /* style.css in Resources */ = {isa = PBXBuildFile; fileRef = BA8B53F01369A15C009F1914 /* style.css */; };
		BA8B53F91369A1B5009F1914 /* TFHpple.m in Sources */ = {isa = PBXBuildFile; fileRef = BA8B53F41369A1B5009F1914 /* TFHpple.m */; };
		BA8B53FA1369A1B5009F1914 /* TFHppleElement.m in Sources */ = {isa = PBXBuildFile; fileRef = BA8B53F61369A1B5009F1914 /* TFHppleElement.m */; };
		BA8B53FB1369A1B5009F1914 /* XPathQuery.m in Sources */ = {isa = PBXBuildFile; fileRef = BA8B53F81369A1B5009F1914 /* XPathQuery.m */; };
		BA8B54141369A1CD009F1914 /* ASIAuthenticationDialog.m in Sources */ = {isa = PBXBuildFile; fileRef = BA8B53FD1369A1CD009F1914 /* ASIAuthenticationDialog.m */; };
		BA8B54151369A1CD009F1914 /* ASIDataCompressor.m in Sources */ = {isa = PBXBuildFile; fileRef = BA8B54001369A1CD009F1914 /* ASIDataCompressor.m */; };
		BA8B54161369A1CD009F1914 /* ASIDataDecompressor.m in Sources */ = {isa = PBXBuildFile; fileRef = BA8B54021369A1CD009F1914 /* ASIDataDecompressor.m */; };
		BA8B54171369A1CD009F1914 /* ASIDownloadCache.m in Sources */ = {isa = PBXBuildFile; fileRef = BA8B54041369A1CD009F1914 /* ASIDownloadCache.m */; };
		BA8B54181369A1CD009F1914 /* ASIFormDataRequest.m in Sources */ = {isa = PBXBuildFile; fileRef = BA8B54061369A1CD009F1914 /* ASIFormDataRequest.m */; };
		BA8B54191369A1CD009F1914 /* ASIHTTPRequest.m in Sources */ = {isa = PBXBuildFile; fileRef = BA8B54081369A1CD009F1914 /* ASIHTTPRequest.m */; };
		BA8B541A1369A1CD009F1914 /* ASIInputStream.m in Sources */ = {isa = PBXBuildFile; fileRef = BA8B540C1369A1CD009F1914 /* ASIInputStream.m */; };
		BA8B541B1369A1CD009F1914 /* ASINetworkQueue.m in Sources */ = {isa = PBXBuildFile; fileRef = BA8B540E1369A1CD009F1914 /* ASINetworkQueue.m */; };
		BA8B541C1369A1CD009F1914 /* ASIWebPageRequest.m in Sources */ = {isa = PBXBuildFile; fileRef = BA8B54111369A1CD009F1914 /* ASIWebPageRequest.m */; };
		BA8B541D1369A1CD009F1914 /* Reachability.m in Sources */ = {isa = PBXBuildFile; fileRef = BA8B54131369A1CD009F1914 /* Reachability.m */; };
		BA8B54201369A1E0009F1914 /* RegexKitLite.m in Sources */ = {isa = PBXBuildFile; fileRef = BA8B541F1369A1E0009F1914 /* RegexKitLite.m */; };
		BAC4EE411361395E00D36D9B /* PostController.m in Sources */ = {isa = PBXBuildFile; fileRef = BAC4EE3F1361395E00D36D9B /* PostController.m */; };
		BAC5F49013625D9800F40DBD /* libicucore.dylib in Frameworks */ = {isa = PBXBuildFile; fileRef = BAC5F48F13625D9800F40DBD /* libicucore.dylib */; };
		BAC5F4AA1362636600F40DBD /* PostView.xib in Resources */ = {isa = PBXBuildFile; fileRef = BAC5F4A91362636600F40DBD /* PostView.xib */; };
		BAC5F58B13631A9700F40DBD /* SampleViewController.m in Sources */ = {isa = PBXBuildFile; fileRef = BAC5F58A13631A9400F40DBD /* SampleViewController.m */; };
		BAC5F58E13631AA800F40DBD /* LoginViewController.m in Sources */ = {isa = PBXBuildFile; fileRef = BAC5F58D13631AA600F40DBD /* LoginViewController.m */; };
		BAC5F59113631AFD00F40DBD /* InfoCell.m in Sources */ = {isa = PBXBuildFile; fileRef = BAC5F59013631AFB00F40DBD /* InfoCell.m */; };
		BAC5F59413631B3500F40DBD /* DetailCell.m in Sources */ = {isa = PBXBuildFile; fileRef = BAC5F59313631B3400F40DBD /* DetailCell.m */; };
		BAC5F59713631B5400F40DBD /* ToggleCell.m in Sources */ = {isa = PBXBuildFile; fileRef = BAC5F59613631B5300F40DBD /* ToggleCell.m */; };
		BAC5F59913631F5300F40DBD /* Sample.xib in Resources */ = {isa = PBXBuildFile; fileRef = BAC5F59813631F4E00F40DBD /* Sample.xib */; };
		BAE261B7136B024000F060AB /* SectionsViewController.m in Sources */ = {isa = PBXBuildFile; fileRef = BAE261B5136B024000F060AB /* SectionsViewController.m */; };
		BAE261B8136B024000F060AB /* SectionsView.xib in Resources */ = {isa = PBXBuildFile; fileRef = BAE261B6136B024000F060AB /* SectionsView.xib */; };
		BAF8F46A1345963300593BC2 /* UIKit.framework in Frameworks */ = {isa = PBXBuildFile; fileRef = BAF8F4691345963300593BC2 /* UIKit.framework */; };
		BAF8F46C1345963300593BC2 /* Foundation.framework in Frameworks */ = {isa = PBXBuildFile; fileRef = BAF8F46B1345963300593BC2 /* Foundation.framework */; };
		BAF8F46E1345963300593BC2 /* CoreGraphics.framework in Frameworks */ = {isa = PBXBuildFile; fileRef = BAF8F46D1345963300593BC2 /* CoreGraphics.framework */; };
		BAF8F4741345963300593BC2 /* InfoPlist.strings in Resources */ = {isa = PBXBuildFile; fileRef = BAF8F4721345963300593BC2 /* InfoPlist.strings */; };
		BAF8F4771345963300593BC2 /* main.m in Sources */ = {isa = PBXBuildFile; fileRef = BAF8F4761345963300593BC2 /* main.m */; };
		BAF8F47A1345963300593BC2 /* LilybbsAppDelegate.m in Sources */ = {isa = PBXBuildFile; fileRef = BAF8F4791345963300593BC2 /* LilybbsAppDelegate.m */; };
		BAF8F47D1345963300593BC2 /* MainWindow.xib in Resources */ = {isa = PBXBuildFile; fileRef = BAF8F47B1345963300593BC2 /* MainWindow.xib */; };
		BAF8F4841345963300593BC2 /* UIKit.framework in Frameworks */ = {isa = PBXBuildFile; fileRef = BAF8F4691345963300593BC2 /* UIKit.framework */; };
		BAF8F4851345963300593BC2 /* Foundation.framework in Frameworks */ = {isa = PBXBuildFile; fileRef = BAF8F46B1345963300593BC2 /* Foundation.framework */; };
		BAF8F4861345963300593BC2 /* CoreGraphics.framework in Frameworks */ = {isa = PBXBuildFile; fileRef = BAF8F46D1345963300593BC2 /* CoreGraphics.framework */; };
		BAF8F48E1345963300593BC2 /* InfoPlist.strings in Resources */ = {isa = PBXBuildFile; fileRef = BAF8F48C1345963300593BC2 /* InfoPlist.strings */; };
		BAF8F4911345963300593BC2 /* LilybbsTests.h in Resources */ = {isa = PBXBuildFile; fileRef = BAF8F4901345963300593BC2 /* LilybbsTests.h */; };
		BAF8F4931345963300593BC2 /* LilybbsTests.m in Sources */ = {isa = PBXBuildFile; fileRef = BAF8F4921345963300593BC2 /* LilybbsTests.m */; };
		BAF8F4A913459C0600593BC2 /* MainViewController.m in Sources */ = {isa = PBXBuildFile; fileRef = BAF8F4A813459C0600593BC2 /* MainViewController.m */; };
		BAF8F4C41345A48A00593BC2 /* TopTenViewController.m in Sources */ = {isa = PBXBuildFile; fileRef = BAF8F4C31345A48A00593BC2 /* TopTenViewController.m */; };
/* End PBXBuildFile section */

/* Begin PBXContainerItemProxy section */
		BAF8F4871345963300593BC2 /* PBXContainerItemProxy */ = {
			isa = PBXContainerItemProxy;
			containerPortal = BAF8F45C1345963300593BC2 /* Project object */;
			proxyType = 1;
			remoteGlobalIDString = BAF8F4641345963300593BC2;
			remoteInfo = Lilybbs;
		};
/* End PBXContainerItemProxy section */

/* Begin PBXFileReference section */
		BA0C4A34134E0840004E4D9E /* PostDetailController.h */ = {isa = PBXFileReference; fileEncoding = 4; lastKnownFileType = sourcecode.c.h; path = PostDetailController.h; sourceTree = "<group>"; };
		BA0C4A35134E0840004E4D9E /* PostDetailController.m */ = {isa = PBXFileReference; fileEncoding = 4; lastKnownFileType = sourcecode.c.objc; path = PostDetailController.m; sourceTree = "<group>"; };
		BA2A3BCE13617C9E0028CE01 /* CFNetwork.framework */ = {isa = PBXFileReference; lastKnownFileType = wrapper.framework; name = CFNetwork.framework; path = System/Library/Frameworks/CFNetwork.framework; sourceTree = SDKROOT; };
		BA2A3BD013617CB40028CE01 /* SystemConfiguration.framework */ = {isa = PBXFileReference; lastKnownFileType = wrapper.framework; name = SystemConfiguration.framework; path = System/Library/Frameworks/SystemConfiguration.framework; sourceTree = SDKROOT; };
		BA2A3BD213617CC50028CE01 /* MobileCoreServices.framework */ = {isa = PBXFileReference; lastKnownFileType = wrapper.framework; name = MobileCoreServices.framework; path = System/Library/Frameworks/MobileCoreServices.framework; sourceTree = SDKROOT; };
		BA2A3BD513617CDF0028CE01 /* libz.1.2.3.dylib */ = {isa = PBXFileReference; lastKnownFileType = "compiled.mach-o.dylib"; name = libz.1.2.3.dylib; path = usr/lib/libz.1.2.3.dylib; sourceTree = SDKROOT; };
		BA2A3BD713617D7C0028CE01 /* libxml2.dylib */ = {isa = PBXFileReference; lastKnownFileType = "compiled.mach-o.dylib"; name = libxml2.dylib; path = usr/lib/libxml2.dylib; sourceTree = SDKROOT; };
		BA50CFDF1360153900F95D66 /* PostDetailView.h */ = {isa = PBXFileReference; fileEncoding = 4; lastKnownFileType = sourcecode.c.h; path = PostDetailView.h; sourceTree = "<group>"; };
		BA50CFE01360153900F95D66 /* PostDetailView.m */ = {isa = PBXFileReference; fileEncoding = 4; lastKnownFileType = sourcecode.c.objc; path = PostDetailView.m; sourceTree = "<group>"; };
		BA50CFE31360423D00F95D66 /* PostListItemModel.h */ = {isa = PBXFileReference; fileEncoding = 4; lastKnownFileType = sourcecode.c.h; path = PostListItemModel.h; sourceTree = "<group>"; };
		BA50CFE41360423E00F95D66 /* PostListItemModel.m */ = {isa = PBXFileReference; fileEncoding = 4; lastKnownFileType = sourcecode.c.objc; path = PostListItemModel.m; sourceTree = "<group>"; };
		BA51E184134976B800DECA82 /* TopTenDetail.xib */ = {isa = PBXFileReference; fileEncoding = 4; lastKnownFileType = file.xib; path = TopTenDetail.xib; sourceTree = "<group>"; };
		BA51E188134D958700DECA82 /* TopAllViewController.h */ = {isa = PBXFileReference; fileEncoding = 4; lastKnownFileType = sourcecode.c.h; path = TopAllViewController.h; sourceTree = "<group>"; };
		BA51E189134D958700DECA82 /* TopAllViewController.m */ = {isa = PBXFileReference; fileEncoding = 4; lastKnownFileType = sourcecode.c.objc; path = TopAllViewController.m; sourceTree = "<group>"; };
		BA51E18B134D964A00DECA82 /* TopAllDetail.xib */ = {isa = PBXFileReference; fileEncoding = 4; lastKnownFileType = file.xib; path = TopAllDetail.xib; sourceTree = "<group>"; };
		BA51E21B134DEA8800DECA82 /* PostListItem.xib */ = {isa = PBXFileReference; fileEncoding = 4; lastKnownFileType = file.xib; path = PostListItem.xib; sourceTree = "<group>"; };
		BA54A1EB1363D4BB000CD884 /* LoginDelegate.h */ = {isa = PBXFileReference; fileEncoding = 4; lastKnownFileType = sourcecode.c.h; path = LoginDelegate.h; sourceTree = "<group>"; };
		BA54A1F41363E2C0000CD884 /* Constants.h */ = {isa = PBXFileReference; fileEncoding = 4; lastKnownFileType = sourcecode.c.h; path = Constants.h; sourceTree = "<group>"; };
		BA8B53731366B01D009F1914 /* PostDetailDelegate.h */ = {isa = PBXFileReference; fileEncoding = 4; lastKnownFileType = sourcecode.c.h; path = PostDetailDelegate.h; sourceTree = "<group>"; };
		BA8B53B8136706C6009F1914 /* LoadingView.h */ = {isa = PBXFileReference; fileEncoding = 4; lastKnownFileType = sourcecode.c.h; path = LoadingView.h; sourceTree = "<group>"; };
		BA8B53B9136706C6009F1914 /* LoadingView.m */ = {isa = PBXFileReference; fileEncoding = 4; lastKnownFileType = sourcecode.c.objc; path = LoadingView.m; sourceTree = "<group>"; };
		BA8B53BC136708BC009F1914 /* QuartzCore.framework */ = {isa = PBXFileReference; lastKnownFileType = wrapper.framework; name = QuartzCore.framework; path = System/Library/Frameworks/QuartzCore.framework; sourceTree = SDKROOT; };
		BA8B53BE1367DFD6009F1914 /* BaseTableViewController.h */ = {isa = PBXFileReference; fileEncoding = 4; lastKnownFileType = sourcecode.c.h; path = BaseTableViewController.h; sourceTree = "<group>"; };
		BA8B53BF1367DFD9009F1914 /* BaseTableViewController.m */ = {isa = PBXFileReference; fileEncoding = 4; lastKnownFileType = sourcecode.c.objc; path = BaseTableViewController.m; sourceTree = "<group>"; };
		BA8B53D3136959A3009F1914 /* BaseViewController.h */ = {isa = PBXFileReference; fileEncoding = 4; lastKnownFileType = sourcecode.c.h; path = BaseViewController.h; sourceTree = "<group>"; };
		BA8B53D4136959A7009F1914 /* BaseViewController.m */ = {isa = PBXFileReference; fileEncoding = 4; lastKnownFileType = sourcecode.c.objc; path = BaseViewController.m; sourceTree = "<group>"; };
		BA8B53E11369A123009F1914 /* button_down.png */ = {isa = PBXFileReference; lastKnownFileType = image.png; name = button_down.png; path = Resources/images/button_down.png; sourceTree = "<group>"; };
		BA8B53E21369A123009F1914 /* button_up.png */ = {isa = PBXFileReference; lastKnownFileType = image.png; name = button_up.png; path = Resources/images/button_up.png; sourceTree = "<group>"; };
		BA8B53E31369A123009F1914 /* checkmarkControllerIcon.png */ = {isa = PBXFileReference; lastKnownFileType = image.png; name = checkmarkControllerIcon.png; path = Resources/images/checkmarkControllerIcon.png; sourceTree = "<group>"; };
		BA8B53E41369A123009F1914 /* deleteMeIcon.png */ = {isa = PBXFileReference; lastKnownFileType = image.png; name = deleteMeIcon.png; path = Resources/images/deleteMeIcon.png; sourceTree = "<group>"; };
		BA8B53E51369A123009F1914 /* detailEditIcon.png */ = {isa = PBXFileReference; lastKnownFileType = image.png; name = detailEditIcon.png; path = Resources/images/detailEditIcon.png; sourceTree = "<group>"; };
		BA8B53E61369A123009F1914 /* disclosureButtonControllerIcon.png */ = {isa = PBXFileReference; lastKnownFileType = image.png; name = disclosureButtonControllerIcon.png; path = Resources/images/disclosureButtonControllerIcon.png; sourceTree = "<group>"; };
		BA8B53E71369A123009F1914 /* moveMeIcon.png */ = {isa = PBXFileReference; lastKnownFileType = image.png; name = moveMeIcon.png; path = Resources/images/moveMeIcon.png; sourceTree = "<group>"; };
		BA8B53EF1369A15C009F1914 /* all.js */ = {isa = PBXFileReference; fileEncoding = 4; lastKnownFileType = sourcecode.javascript; name = all.js; path = "Resources/other files/all.js"; sourceTree = "<group>"; };
		BA8B53F01369A15C009F1914 /* style.css */ = {isa = PBXFileReference; fileEncoding = 4; lastKnownFileType = text.css; name = style.css; path = "Resources/other files/style.css"; sourceTree = "<group>"; };
		BA8B53F31369A1B5009F1914 /* TFHpple.h */ = {isa = PBXFileReference; fileEncoding = 4; lastKnownFileType = sourcecode.c.h; name = TFHpple.h; path = Libs/Hpple/TFHpple.h; sourceTree = "<group>"; };
		BA8B53F41369A1B5009F1914 /* TFHpple.m */ = {isa = PBXFileReference; fileEncoding = 4; lastKnownFileType = sourcecode.c.objc; name = TFHpple.m; path = Libs/Hpple/TFHpple.m; sourceTree = "<group>"; };
		BA8B53F51369A1B5009F1914 /* TFHppleElement.h */ = {isa = PBXFileReference; fileEncoding = 4; lastKnownFileType = sourcecode.c.h; name = TFHppleElement.h; path = Libs/Hpple/TFHppleElement.h; sourceTree = "<group>"; };
		BA8B53F61369A1B5009F1914 /* TFHppleElement.m */ = {isa = PBXFileReference; fileEncoding = 4; lastKnownFileType = sourcecode.c.objc; name = TFHppleElement.m; path = Libs/Hpple/TFHppleElement.m; sourceTree = "<group>"; };
		BA8B53F71369A1B5009F1914 /* XPathQuery.h */ = {isa = PBXFileReference; fileEncoding = 4; lastKnownFileType = sourcecode.c.h; name = XPathQuery.h; path = Libs/Hpple/XPathQuery.h; sourceTree = "<group>"; };
		BA8B53F81369A1B5009F1914 /* XPathQuery.m */ = {isa = PBXFileReference; fileEncoding = 4; lastKnownFileType = sourcecode.c.objc; name = XPathQuery.m; path = Libs/Hpple/XPathQuery.m; sourceTree = "<group>"; };
		BA8B53FC1369A1CD009F1914 /* ASIAuthenticationDialog.h */ = {isa = PBXFileReference; fileEncoding = 4; lastKnownFileType = sourcecode.c.h; name = ASIAuthenticationDialog.h; path = Libs/ASIHTTPRequest/ASIAuthenticationDialog.h; sourceTree = "<group>"; };
		BA8B53FD1369A1CD009F1914 /* ASIAuthenticationDialog.m */ = {isa = PBXFileReference; fileEncoding = 4; lastKnownFileType = sourcecode.c.objc; name = ASIAuthenticationDialog.m; path = Libs/ASIHTTPRequest/ASIAuthenticationDialog.m; sourceTree = "<group>"; };
		BA8B53FE1369A1CD009F1914 /* ASICacheDelegate.h */ = {isa = PBXFileReference; fileEncoding = 4; lastKnownFileType = sourcecode.c.h; name = ASICacheDelegate.h; path = Libs/ASIHTTPRequest/ASICacheDelegate.h; sourceTree = "<group>"; };
		BA8B53FF1369A1CD009F1914 /* ASIDataCompressor.h */ = {isa = PBXFileReference; fileEncoding = 4; lastKnownFileType = sourcecode.c.h; name = ASIDataCompressor.h; path = Libs/ASIHTTPRequest/ASIDataCompressor.h; sourceTree = "<group>"; };
		BA8B54001369A1CD009F1914 /* ASIDataCompressor.m */ = {isa = PBXFileReference; fileEncoding = 4; lastKnownFileType = sourcecode.c.objc; name = ASIDataCompressor.m; path = Libs/ASIHTTPRequest/ASIDataCompressor.m; sourceTree = "<group>"; };
		BA8B54011369A1CD009F1914 /* ASIDataDecompressor.h */ = {isa = PBXFileReference; fileEncoding = 4; lastKnownFileType = sourcecode.c.h; name = ASIDataDecompressor.h; path = Libs/ASIHTTPRequest/ASIDataDecompressor.h; sourceTree = "<group>"; };
		BA8B54021369A1CD009F1914 /* ASIDataDecompressor.m */ = {isa = PBXFileReference; fileEncoding = 4; lastKnownFileType = sourcecode.c.objc; name = ASIDataDecompressor.m; path = Libs/ASIHTTPRequest/ASIDataDecompressor.m; sourceTree = "<group>"; };
		BA8B54031369A1CD009F1914 /* ASIDownloadCache.h */ = {isa = PBXFileReference; fileEncoding = 4; lastKnownFileType = sourcecode.c.h; name = ASIDownloadCache.h; path = Libs/ASIHTTPRequest/ASIDownloadCache.h; sourceTree = "<group>"; };
		BA8B54041369A1CD009F1914 /* ASIDownloadCache.m */ = {isa = PBXFileReference; fileEncoding = 4; lastKnownFileType = sourcecode.c.objc; name = ASIDownloadCache.m; path = Libs/ASIHTTPRequest/ASIDownloadCache.m; sourceTree = "<group>"; };
		BA8B54051369A1CD009F1914 /* ASIFormDataRequest.h */ = {isa = PBXFileReference; fileEncoding = 4; lastKnownFileType = sourcecode.c.h; name = ASIFormDataRequest.h; path = Libs/ASIHTTPRequest/ASIFormDataRequest.h; sourceTree = "<group>"; };
		BA8B54061369A1CD009F1914 /* ASIFormDataRequest.m */ = {isa = PBXFileReference; fileEncoding = 4; lastKnownFileType = sourcecode.c.objc; name = ASIFormDataRequest.m; path = Libs/ASIHTTPRequest/ASIFormDataRequest.m; sourceTree = "<group>"; };
		BA8B54071369A1CD009F1914 /* ASIHTTPRequest.h */ = {isa = PBXFileReference; fileEncoding = 4; lastKnownFileType = sourcecode.c.h; name = ASIHTTPRequest.h; path = Libs/ASIHTTPRequest/ASIHTTPRequest.h; sourceTree = "<group>"; };
		BA8B54081369A1CD009F1914 /* ASIHTTPRequest.m */ = {isa = PBXFileReference; fileEncoding = 4; lastKnownFileType = sourcecode.c.objc; name = ASIHTTPRequest.m; path = Libs/ASIHTTPRequest/ASIHTTPRequest.m; sourceTree = "<group>"; };
		BA8B54091369A1CD009F1914 /* ASIHTTPRequestConfig.h */ = {isa = PBXFileReference; fileEncoding = 4; lastKnownFileType = sourcecode.c.h; name = ASIHTTPRequestConfig.h; path = Libs/ASIHTTPRequest/ASIHTTPRequestConfig.h; sourceTree = "<group>"; };
		BA8B540A1369A1CD009F1914 /* ASIHTTPRequestDelegate.h */ = {isa = PBXFileReference; fileEncoding = 4; lastKnownFileType = sourcecode.c.h; name = ASIHTTPRequestDelegate.h; path = Libs/ASIHTTPRequest/ASIHTTPRequestDelegate.h; sourceTree = "<group>"; };
		BA8B540B1369A1CD009F1914 /* ASIInputStream.h */ = {isa = PBXFileReference; fileEncoding = 4; lastKnownFileType = sourcecode.c.h; name = ASIInputStream.h; path = Libs/ASIHTTPRequest/ASIInputStream.h; sourceTree = "<group>"; };
		BA8B540C1369A1CD009F1914 /* ASIInputStream.m */ = {isa = PBXFileReference; fileEncoding = 4; lastKnownFileType = sourcecode.c.objc; name = ASIInputStream.m; path = Libs/ASIHTTPRequest/ASIInputStream.m; sourceTree = "<group>"; };
		BA8B540D1369A1CD009F1914 /* ASINetworkQueue.h */ = {isa = PBXFileReference; fileEncoding = 4; lastKnownFileType = sourcecode.c.h; name = ASINetworkQueue.h; path = Libs/ASIHTTPRequest/ASINetworkQueue.h; sourceTree = "<group>"; };
		BA8B540E1369A1CD009F1914 /* ASINetworkQueue.m */ = {isa = PBXFileReference; fileEncoding = 4; lastKnownFileType = sourcecode.c.objc; name = ASINetworkQueue.m; path = Libs/ASIHTTPRequest/ASINetworkQueue.m; sourceTree = "<group>"; };
		BA8B540F1369A1CD009F1914 /* ASIProgressDelegate.h */ = {isa = PBXFileReference; fileEncoding = 4; lastKnownFileType = sourcecode.c.h; name = ASIProgressDelegate.h; path = Libs/ASIHTTPRequest/ASIProgressDelegate.h; sourceTree = "<group>"; };
		BA8B54101369A1CD009F1914 /* ASIWebPageRequest.h */ = {isa = PBXFileReference; fileEncoding = 4; lastKnownFileType = sourcecode.c.h; name = ASIWebPageRequest.h; path = Libs/ASIHTTPRequest/ASIWebPageRequest.h; sourceTree = "<group>"; };
		BA8B54111369A1CD009F1914 /* ASIWebPageRequest.m */ = {isa = PBXFileReference; fileEncoding = 4; lastKnownFileType = sourcecode.c.objc; name = ASIWebPageRequest.m; path = Libs/ASIHTTPRequest/ASIWebPageRequest.m; sourceTree = "<group>"; };
		BA8B54121369A1CD009F1914 /* Reachability.h */ = {isa = PBXFileReference; fileEncoding = 4; lastKnownFileType = sourcecode.c.h; name = Reachability.h; path = Libs/ASIHTTPRequest/Reachability.h; sourceTree = "<group>"; };
		BA8B54131369A1CD009F1914 /* Reachability.m */ = {isa = PBXFileReference; fileEncoding = 4; lastKnownFileType = sourcecode.c.objc; name = Reachability.m; path = Libs/ASIHTTPRequest/Reachability.m; sourceTree = "<group>"; };
		BA8B541E1369A1E0009F1914 /* RegexKitLite.h */ = {isa = PBXFileReference; fileEncoding = 4; lastKnownFileType = sourcecode.c.h; name = RegexKitLite.h; path = Libs/RegexKit/RegexKitLite.h; sourceTree = "<group>"; };
		BA8B541F1369A1E0009F1914 /* RegexKitLite.m */ = {isa = PBXFileReference; fileEncoding = 4; lastKnownFileType = sourcecode.c.objc; name = RegexKitLite.m; path = Libs/RegexKit/RegexKitLite.m; sourceTree = "<group>"; };
		BAC4EE3E1361395E00D36D9B /* PostController.h */ = {isa = PBXFileReference; fileEncoding = 4; lastKnownFileType = sourcecode.c.h; path = PostController.h; sourceTree = "<group>"; };
		BAC4EE3F1361395E00D36D9B /* PostController.m */ = {isa = PBXFileReference; fileEncoding = 4; lastKnownFileType = sourcecode.c.objc; path = PostController.m; sourceTree = "<group>"; };
		BAC5F48F13625D9800F40DBD /* libicucore.dylib */ = {isa = PBXFileReference; lastKnownFileType = "compiled.mach-o.dylib"; name = libicucore.dylib; path = usr/lib/libicucore.dylib; sourceTree = SDKROOT; };
		BAC5F4A91362636600F40DBD /* PostView.xib */ = {isa = PBXFileReference; fileEncoding = 4; lastKnownFileType = file.xib; name = PostView.xib; path = Lilybbs.xcodeproj/PostView.xib; sourceTree = SOURCE_ROOT; };
		BAC5F58913631A9200F40DBD /* SampleViewController.h */ = {isa = PBXFileReference; fileEncoding = 4; lastKnownFileType = sourcecode.c.h; path = SampleViewController.h; sourceTree = "<group>"; };
		BAC5F58A13631A9400F40DBD /* SampleViewController.m */ = {isa = PBXFileReference; fileEncoding = 4; lastKnownFileType = sourcecode.c.objc; path = SampleViewController.m; sourceTree = "<group>"; };
		BAC5F58C13631AA400F40DBD /* LoginViewController.h */ = {isa = PBXFileReference; fileEncoding = 4; lastKnownFileType = sourcecode.c.h; path = LoginViewController.h; sourceTree = "<group>"; };
		BAC5F58D13631AA600F40DBD /* LoginViewController.m */ = {isa = PBXFileReference; fileEncoding = 4; lastKnownFileType = sourcecode.c.objc; path = LoginViewController.m; sourceTree = "<group>"; };
		BAC5F58F13631AF800F40DBD /* InfoCell.h */ = {isa = PBXFileReference; fileEncoding = 4; lastKnownFileType = sourcecode.c.h; path = InfoCell.h; sourceTree = "<group>"; };
		BAC5F59013631AFB00F40DBD /* InfoCell.m */ = {isa = PBXFileReference; fileEncoding = 4; lastKnownFileType = sourcecode.c.objc; path = InfoCell.m; sourceTree = "<group>"; };
		BAC5F59213631B3200F40DBD /* DetailCell.h */ = {isa = PBXFileReference; fileEncoding = 4; lastKnownFileType = sourcecode.c.h; path = DetailCell.h; sourceTree = "<group>"; };
		BAC5F59313631B3400F40DBD /* DetailCell.m */ = {isa = PBXFileReference; fileEncoding = 4; lastKnownFileType = sourcecode.c.objc; path = DetailCell.m; sourceTree = "<group>"; };
		BAC5F59513631B5100F40DBD /* ToggleCell.h */ = {isa = PBXFileReference; fileEncoding = 4; lastKnownFileType = sourcecode.c.h; path = ToggleCell.h; sourceTree = "<group>"; };
		BAC5F59613631B5300F40DBD /* ToggleCell.m */ = {isa = PBXFileReference; fileEncoding = 4; lastKnownFileType = sourcecode.c.objc; path = ToggleCell.m; sourceTree = "<group>"; };
		BAC5F59813631F4E00F40DBD /* Sample.xib */ = {isa = PBXFileReference; fileEncoding = 4; lastKnownFileType = file.xib; path = Sample.xib; sourceTree = "<group>"; };
		BAE261B1136AF51F00F060AB /* Lilybbs.app */ = {isa = PBXFileReference; explicitFileType = wrapper.application; includeInIndex = 0; path = Lilybbs.app; sourceTree = BUILT_PRODUCTS_DIR; };
		BAE261B3136AF51F00F060AB /* LilybbsTests.octest */ = {isa = PBXFileReference; explicitFileType = wrapper.cfbundle; includeInIndex = 0; path = LilybbsTests.octest; sourceTree = BUILT_PRODUCTS_DIR; };
		BAE261B4136B024000F060AB /* SectionsViewController.h */ = {isa = PBXFileReference; fileEncoding = 4; lastKnownFileType = sourcecode.c.h; path = SectionsViewController.h; sourceTree = "<group>"; };
		BAE261B5136B024000F060AB /* SectionsViewController.m */ = {isa = PBXFileReference; fileEncoding = 4; lastKnownFileType = sourcecode.c.objc; path = SectionsViewController.m; sourceTree = "<group>"; };
		BAE261B6136B024000F060AB /* SectionsView.xib */ = {isa = PBXFileReference; fileEncoding = 4; lastKnownFileType = file.xib; path = SectionsView.xib; sourceTree = "<group>"; };
		BAF8F4691345963300593BC2 /* UIKit.framework */ = {isa = PBXFileReference; lastKnownFileType = wrapper.framework; name = UIKit.framework; path = System/Library/Frameworks/UIKit.framework; sourceTree = SDKROOT; };
		BAF8F46B1345963300593BC2 /* Foundation.framework */ = {isa = PBXFileReference; lastKnownFileType = wrapper.framework; name = Foundation.framework; path = System/Library/Frameworks/Foundation.framework; sourceTree = SDKROOT; };
		BAF8F46D1345963300593BC2 /* CoreGraphics.framework */ = {isa = PBXFileReference; lastKnownFileType = wrapper.framework; name = CoreGraphics.framework; path = System/Library/Frameworks/CoreGraphics.framework; sourceTree = SDKROOT; };
		BAF8F4711345963300593BC2 /* Lilybbs-Info.plist */ = {isa = PBXFileReference; lastKnownFileType = text.plist.xml; path = "Lilybbs-Info.plist"; sourceTree = "<group>"; };
		BAF8F4731345963300593BC2 /* en */ = {isa = PBXFileReference; lastKnownFileType = text.plist.strings; name = en; path = en.lproj/InfoPlist.strings; sourceTree = "<group>"; };
		BAF8F4751345963300593BC2 /* Lilybbs-Prefix.pch */ = {isa = PBXFileReference; lastKnownFileType = sourcecode.c.h; path = "Lilybbs-Prefix.pch"; sourceTree = "<group>"; };
		BAF8F4761345963300593BC2 /* main.m */ = {isa = PBXFileReference; lastKnownFileType = sourcecode.c.objc; path = main.m; sourceTree = "<group>"; };
		BAF8F4781345963300593BC2 /* LilybbsAppDelegate.h */ = {isa = PBXFileReference; lastKnownFileType = sourcecode.c.h; path = LilybbsAppDelegate.h; sourceTree = "<group>"; };
		BAF8F4791345963300593BC2 /* LilybbsAppDelegate.m */ = {isa = PBXFileReference; lastKnownFileType = sourcecode.c.objc; path = LilybbsAppDelegate.m; sourceTree = "<group>"; };
		BAF8F47C1345963300593BC2 /* en */ = {isa = PBXFileReference; lastKnownFileType = file.xib; name = en; path = en.lproj/MainWindow.xib; sourceTree = "<group>"; };
		BAF8F48B1345963300593BC2 /* LilybbsTests-Info.plist */ = {isa = PBXFileReference; lastKnownFileType = text.plist.xml; path = "LilybbsTests-Info.plist"; sourceTree = "<group>"; };
		BAF8F48D1345963300593BC2 /* en */ = {isa = PBXFileReference; lastKnownFileType = text.plist.strings; name = en; path = en.lproj/InfoPlist.strings; sourceTree = "<group>"; };
		BAF8F48F1345963300593BC2 /* LilybbsTests-Prefix.pch */ = {isa = PBXFileReference; lastKnownFileType = sourcecode.c.h; path = "LilybbsTests-Prefix.pch"; sourceTree = "<group>"; };
		BAF8F4901345963300593BC2 /* LilybbsTests.h */ = {isa = PBXFileReference; lastKnownFileType = sourcecode.c.h; path = LilybbsTests.h; sourceTree = "<group>"; };
		BAF8F4921345963300593BC2 /* LilybbsTests.m */ = {isa = PBXFileReference; lastKnownFileType = sourcecode.c.objc; path = LilybbsTests.m; sourceTree = "<group>"; };
		BAF8F4A713459C0600593BC2 /* MainViewController.h */ = {isa = PBXFileReference; fileEncoding = 4; lastKnownFileType = sourcecode.c.h; name = MainViewController.h; path = Lilybbs.xcodeproj/MainViewController.h; sourceTree = SOURCE_ROOT; };
		BAF8F4A813459C0600593BC2 /* MainViewController.m */ = {isa = PBXFileReference; fileEncoding = 4; lastKnownFileType = sourcecode.c.objc; name = MainViewController.m; path = Lilybbs.xcodeproj/MainViewController.m; sourceTree = SOURCE_ROOT; };
		BAF8F4C21345A48A00593BC2 /* TopTenViewController.h */ = {isa = PBXFileReference; fileEncoding = 4; lastKnownFileType = sourcecode.c.h; path = TopTenViewController.h; sourceTree = "<group>"; };
		BAF8F4C31345A48A00593BC2 /* TopTenViewController.m */ = {isa = PBXFileReference; fileEncoding = 4; lastKnownFileType = sourcecode.c.objc; path = TopTenViewController.m; sourceTree = "<group>"; };
/* End PBXFileReference section */

/* Begin PBXFrameworksBuildPhase section */
		BAF8F4621345963300593BC2 /* Frameworks */ = {
			isa = PBXFrameworksBuildPhase;
			buildActionMask = 2147483647;
			files = (
				BA8B53BD136708BC009F1914 /* QuartzCore.framework in Frameworks */,
				BAC5F49013625D9800F40DBD /* libicucore.dylib in Frameworks */,
				BA2A3BD813617D7C0028CE01 /* libxml2.dylib in Frameworks */,
				BA2A3BD613617CDF0028CE01 /* libz.1.2.3.dylib in Frameworks */,
				BAF8F46E1345963300593BC2 /* CoreGraphics.framework in Frameworks */,
				BA2A3BD313617CC50028CE01 /* MobileCoreServices.framework in Frameworks */,
				BA2A3BD113617CB40028CE01 /* SystemConfiguration.framework in Frameworks */,
				BA2A3BCF13617C9E0028CE01 /* CFNetwork.framework in Frameworks */,
				BAF8F46A1345963300593BC2 /* UIKit.framework in Frameworks */,
				BAF8F46C1345963300593BC2 /* Foundation.framework in Frameworks */,
			);
			runOnlyForDeploymentPostprocessing = 0;
		};
		BAF8F47F1345963300593BC2 /* Frameworks */ = {
			isa = PBXFrameworksBuildPhase;
			buildActionMask = 2147483647;
			files = (
				BAF8F4841345963300593BC2 /* UIKit.framework in Frameworks */,
				BAF8F4851345963300593BC2 /* Foundation.framework in Frameworks */,
				BAF8F4861345963300593BC2 /* CoreGraphics.framework in Frameworks */,
			);
			runOnlyForDeploymentPostprocessing = 0;
		};
/* End PBXFrameworksBuildPhase section */

/* Begin PBXGroup section */
		BA2A3BFB13617F690028CE01 /* ASIHTTPRequest */ = {
			isa = PBXGroup;
			children = (
				BA8B53FC1369A1CD009F1914 /* ASIAuthenticationDialog.h */,
				BA8B53FD1369A1CD009F1914 /* ASIAuthenticationDialog.m */,
				BA8B53FE1369A1CD009F1914 /* ASICacheDelegate.h */,
				BA8B53FF1369A1CD009F1914 /* ASIDataCompressor.h */,
				BA8B54001369A1CD009F1914 /* ASIDataCompressor.m */,
				BA8B54011369A1CD009F1914 /* ASIDataDecompressor.h */,
				BA8B54021369A1CD009F1914 /* ASIDataDecompressor.m */,
				BA8B54031369A1CD009F1914 /* ASIDownloadCache.h */,
				BA8B54041369A1CD009F1914 /* ASIDownloadCache.m */,
				BA8B54051369A1CD009F1914 /* ASIFormDataRequest.h */,
				BA8B54061369A1CD009F1914 /* ASIFormDataRequest.m */,
				BA8B54071369A1CD009F1914 /* ASIHTTPRequest.h */,
				BA8B54081369A1CD009F1914 /* ASIHTTPRequest.m */,
				BA8B54091369A1CD009F1914 /* ASIHTTPRequestConfig.h */,
				BA8B540A1369A1CD009F1914 /* ASIHTTPRequestDelegate.h */,
				BA8B540B1369A1CD009F1914 /* ASIInputStream.h */,
				BA8B540C1369A1CD009F1914 /* ASIInputStream.m */,
				BA8B540D1369A1CD009F1914 /* ASINetworkQueue.h */,
				BA8B540E1369A1CD009F1914 /* ASINetworkQueue.m */,
				BA8B540F1369A1CD009F1914 /* ASIProgressDelegate.h */,
				BA8B54101369A1CD009F1914 /* ASIWebPageRequest.h */,
				BA8B54111369A1CD009F1914 /* ASIWebPageRequest.m */,
				BA8B54121369A1CD009F1914 /* Reachability.h */,
				BA8B54131369A1CD009F1914 /* Reachability.m */,
			);
			name = ASIHTTPRequest;
			sourceTree = "<group>";
		};
		BA50CFE61360424800F95D66 /* Models */ = {
			isa = PBXGroup;
			children = (
				BA50CFE31360423D00F95D66 /* PostListItemModel.h */,
				BA50CFE41360423E00F95D66 /* PostListItemModel.m */,
			);
			name = Models;
			sourceTree = "<group>";
		};
		BA50CFE71360461400F95D66 /* Controllers */ = {
			isa = PBXGroup;
			children = (
				BA8B53D3136959A3009F1914 /* BaseViewController.h */,
				BA8B53D4136959A7009F1914 /* BaseViewController.m */,
				BA8B53BE1367DFD6009F1914 /* BaseTableViewController.h */,
				BA8B53BF1367DFD9009F1914 /* BaseTableViewController.m */,
				BAF8F4A713459C0600593BC2 /* MainViewController.h */,
				BAF8F4A813459C0600593BC2 /* MainViewController.m */,
				BAF8F4C21345A48A00593BC2 /* TopTenViewController.h */,
				BAF8F4C31345A48A00593BC2 /* TopTenViewController.m */,
				BA51E188134D958700DECA82 /* TopAllViewController.h */,
				BA51E189134D958700DECA82 /* TopAllViewController.m */,
				BAE261B4136B024000F060AB /* SectionsViewController.h */,
				BAE261B5136B024000F060AB /* SectionsViewController.m */,
				BA0C4A34134E0840004E4D9E /* PostDetailController.h */,
				BA0C4A35134E0840004E4D9E /* PostDetailController.m */,
				BAC4EE3E1361395E00D36D9B /* PostController.h */,
				BAC4EE3F1361395E00D36D9B /* PostController.m */,
				BAC5F58C13631AA400F40DBD /* LoginViewController.h */,
				BAC5F58D13631AA600F40DBD /* LoginViewController.m */,
			);
			name = Controllers;
			sourceTree = "<group>";
		};
		BA50CFE81360461F00F95D66 /* Views */ = {
			isa = PBXGroup;
			children = (
				BA50CFDF1360153900F95D66 /* PostDetailView.h */,
				BA50CFE01360153900F95D66 /* PostDetailView.m */,
				BA8B53B8136706C6009F1914 /* LoadingView.h */,
				BA8B53B9136706C6009F1914 /* LoadingView.m */,
				BAF8F47B1345963300593BC2 /* MainWindow.xib */,
				BA51E184134976B800DECA82 /* TopTenDetail.xib */,
				BA51E18B134D964A00DECA82 /* TopAllDetail.xib */,
				BAE261B6136B024000F060AB /* SectionsView.xib */,
				BA51E21B134DEA8800DECA82 /* PostListItem.xib */,
				BAC5F4A91362636600F40DBD /* PostView.xib */,
			);
			name = Views;
			sourceTree = "<group>";
		};
		BA51E19E134DAB6F00DECA82 /* Resources */ = {
			isa = PBXGroup;
			children = (
				BA8B53EF1369A15C009F1914 /* all.js */,
				BA8B53F01369A15C009F1914 /* style.css */,
				BA51E19F134DAB9500DECA82 /* images */,
			);
			name = Resources;
			sourceTree = "<group>";
		};
		BA51E19F134DAB9500DECA82 /* images */ = {
			isa = PBXGroup;
			children = (
				BA8B53E11369A123009F1914 /* button_down.png */,
				BA8B53E21369A123009F1914 /* button_up.png */,
				BA8B53E31369A123009F1914 /* checkmarkControllerIcon.png */,
				BA8B53E41369A123009F1914 /* deleteMeIcon.png */,
				BA8B53E51369A123009F1914 /* detailEditIcon.png */,
				BA8B53E61369A123009F1914 /* disclosureButtonControllerIcon.png */,
				BA8B53E71369A123009F1914 /* moveMeIcon.png */,
			);
			name = images;
			sourceTree = "<group>";
		};
		BA51E212134DD27A00DECA82 /* hpple */ = {
			isa = PBXGroup;
			children = (
				BA8B53F31369A1B5009F1914 /* TFHpple.h */,
				BA8B53F41369A1B5009F1914 /* TFHpple.m */,
				BA8B53F51369A1B5009F1914 /* TFHppleElement.h */,
				BA8B53F61369A1B5009F1914 /* TFHppleElement.m */,
				BA8B53F71369A1B5009F1914 /* XPathQuery.h */,
				BA8B53F81369A1B5009F1914 /* XPathQuery.m */,
			);
			name = hpple;
			sourceTree = "<group>";
		};
		BA54A1DD13632AED000CD884 /* Helpers */ = {
			isa = PBXGroup;
			children = (
				BAC5F58F13631AF800F40DBD /* InfoCell.h */,
				BAC5F59013631AFB00F40DBD /* InfoCell.m */,
				BAC5F59213631B3200F40DBD /* DetailCell.h */,
				BAC5F59313631B3400F40DBD /* DetailCell.m */,
				BAC5F59513631B5100F40DBD /* ToggleCell.h */,
				BAC5F59613631B5300F40DBD /* ToggleCell.m */,
				BAC5F59813631F4E00F40DBD /* Sample.xib */,
				BAC5F58913631A9200F40DBD /* SampleViewController.h */,
				BAC5F58A13631A9400F40DBD /* SampleViewController.m */,
				BA54A1EB1363D4BB000CD884 /* LoginDelegate.h */,
				BA8B53731366B01D009F1914 /* PostDetailDelegate.h */,
			);
			name = Helpers;
			sourceTree = "<group>";
		};
		BAC5F48E13625D2F00F40DBD /* RegexKit */ = {
			isa = PBXGroup;
			children = (
				BA8B541E1369A1E0009F1914 /* RegexKitLite.h */,
				BA8B541F1369A1E0009F1914 /* RegexKitLite.m */,
			);
			name = RegexKit;
			sourceTree = "<group>";
		};
		BAC5F4B31362810700F40DBD /* Libs */ = {
			isa = PBXGroup;
			children = (
				BAC5F48E13625D2F00F40DBD /* RegexKit */,
				BA2A3BFB13617F690028CE01 /* ASIHTTPRequest */,
				BA51E212134DD27A00DECA82 /* hpple */,
			);
			name = Libs;
			sourceTree = "<group>";
		};
		BAF8F45A1345963300593BC2 = {
			isa = PBXGroup;
			children = (
				BAF8F46F1345963300593BC2 /* Lilybbs */,
				BAF8F4891345963300593BC2 /* LilybbsTests */,
				BAC5F4B31362810700F40DBD /* Libs */,
				BAF8F4681345963300593BC2 /* Frameworks */,
				BAF8F4661345963300593BC2 /* Products */,
			);
			sourceTree = "<group>";
		};
		BAF8F4661345963300593BC2 /* Products */ = {
			isa = PBXGroup;
			children = (
				BAE261B1136AF51F00F060AB /* Lilybbs.app */,
				BAE261B3136AF51F00F060AB /* LilybbsTests.octest */,
			);
			name = Products;
			sourceTree = "<group>";
		};
		BAF8F4681345963300593BC2 /* Frameworks */ = {
			isa = PBXGroup;
			children = (
				BA2A3BD713617D7C0028CE01 /* libxml2.dylib */,
				BA8B53BC136708BC009F1914 /* QuartzCore.framework */,
				BA2A3BD513617CDF0028CE01 /* libz.1.2.3.dylib */,
				BAC5F48F13625D9800F40DBD /* libicucore.dylib */,
				BA2A3BD213617CC50028CE01 /* MobileCoreServices.framework */,
				BA2A3BD013617CB40028CE01 /* SystemConfiguration.framework */,
				BA2A3BCE13617C9E0028CE01 /* CFNetwork.framework */,
				BAF8F4691345963300593BC2 /* UIKit.framework */,
				BAF8F46B1345963300593BC2 /* Foundation.framework */,
				BAF8F46D1345963300593BC2 /* CoreGraphics.framework */,
			);
			name = Frameworks;
			sourceTree = "<group>";
		};
		BAF8F46F1345963300593BC2 /* Lilybbs */ = {
			isa = PBXGroup;
			children = (
				BA54A1DD13632AED000CD884 /* Helpers */,
				BA50CFE81360461F00F95D66 /* Views */,
				BA50CFE71360461400F95D66 /* Controllers */,
				BA50CFE61360424800F95D66 /* Models */,
				BAF8F4781345963300593BC2 /* LilybbsAppDelegate.h */,
				BAF8F4791345963300593BC2 /* LilybbsAppDelegate.m */,
				BA54A1F41363E2C0000CD884 /* Constants.h */,
				BA51E19E134DAB6F00DECA82 /* Resources */,
				BAF8F4701345963300593BC2 /* Supporting Files */,
			);
			path = Lilybbs;
			sourceTree = "<group>";
		};
		BAF8F4701345963300593BC2 /* Supporting Files */ = {
			isa = PBXGroup;
			children = (
				BAF8F4711345963300593BC2 /* Lilybbs-Info.plist */,
				BAF8F4721345963300593BC2 /* InfoPlist.strings */,
				BAF8F4751345963300593BC2 /* Lilybbs-Prefix.pch */,
				BAF8F4761345963300593BC2 /* main.m */,
			);
			name = "Supporting Files";
			sourceTree = "<group>";
		};
		BAF8F4891345963300593BC2 /* LilybbsTests */ = {
			isa = PBXGroup;
			children = (
				BAF8F4901345963300593BC2 /* LilybbsTests.h */,
				BAF8F4921345963300593BC2 /* LilybbsTests.m */,
				BAF8F48A1345963300593BC2 /* Supporting Files */,
			);
			path = LilybbsTests;
			sourceTree = "<group>";
		};
		BAF8F48A1345963300593BC2 /* Supporting Files */ = {
			isa = PBXGroup;
			children = (
				BAF8F48B1345963300593BC2 /* LilybbsTests-Info.plist */,
				BAF8F48C1345963300593BC2 /* InfoPlist.strings */,
				BAF8F48F1345963300593BC2 /* LilybbsTests-Prefix.pch */,
			);
			name = "Supporting Files";
			sourceTree = "<group>";
		};
/* End PBXGroup section */

/* Begin PBXNativeTarget section */
		BAF8F4641345963300593BC2 /* Lilybbs */ = {
			isa = PBXNativeTarget;
			buildConfigurationList = BAF8F4961345963400593BC2 /* Build configuration list for PBXNativeTarget "Lilybbs" */;
			buildPhases = (
				BAF8F4611345963300593BC2 /* Sources */,
				BAF8F4621345963300593BC2 /* Frameworks */,
				BAF8F4631345963300593BC2 /* Resources */,
			);
			buildRules = (
			);
			dependencies = (
			);
			name = Lilybbs;
			productName = Lilybbs;
			productReference = BAE261B1136AF51F00F060AB /* Lilybbs.app */;
			productType = "com.apple.product-type.application";
		};
		BAF8F4821345963300593BC2 /* LilybbsTests */ = {
			isa = PBXNativeTarget;
			buildConfigurationList = BAF8F4991345963400593BC2 /* Build configuration list for PBXNativeTarget "LilybbsTests" */;
			buildPhases = (
				BAF8F47E1345963300593BC2 /* Sources */,
				BAF8F47F1345963300593BC2 /* Frameworks */,
				BAF8F4801345963300593BC2 /* Resources */,
				BAF8F4811345963300593BC2 /* ShellScript */,
			);
			buildRules = (
			);
			dependencies = (
				BAF8F4881345963300593BC2 /* PBXTargetDependency */,
			);
			name = LilybbsTests;
			productName = LilybbsTests;
			productReference = BAE261B3136AF51F00F060AB /* LilybbsTests.octest */;
			productType = "com.apple.product-type.bundle";
		};
/* End PBXNativeTarget section */

/* Begin PBXProject section */
		BAF8F45C1345963300593BC2 /* Project object */ = {
			isa = PBXProject;
			buildConfigurationList = BAF8F45F1345963300593BC2 /* Build configuration list for PBXProject "Lilybbs" */;
			compatibilityVersion = "Xcode 3.2";
			developmentRegion = English;
			hasScannedForEncodings = 0;
			knownRegions = (
				en,
			);
			mainGroup = BAF8F45A1345963300593BC2;
			productRefGroup = BAF8F4661345963300593BC2 /* Products */;
			projectDirPath = "";
			projectRoot = "";
			targets = (
				BAF8F4641345963300593BC2 /* Lilybbs */,
				BAF8F4821345963300593BC2 /* LilybbsTests */,
			);
		};
/* End PBXProject section */

/* Begin PBXResourcesBuildPhase section */
		BAF8F4631345963300593BC2 /* Resources */ = {
			isa = PBXResourcesBuildPhase;
			buildActionMask = 2147483647;
			files = (
				BAF8F4741345963300593BC2 /* InfoPlist.strings in Resources */,
				BAF8F47D1345963300593BC2 /* MainWindow.xib in Resources */,
				BA51E185134976B800DECA82 /* TopTenDetail.xib in Resources */,
				BA51E18C134D964A00DECA82 /* TopAllDetail.xib in Resources */,
				BA51E21C134DEA8800DECA82 /* PostListItem.xib in Resources */,
				BAC5F4AA1362636600F40DBD /* PostView.xib in Resources */,
				BAC5F59913631F5300F40DBD /* Sample.xib in Resources */,
				BA8B53E81369A123009F1914 /* button_down.png in Resources */,
				BA8B53E91369A123009F1914 /* button_up.png in Resources */,
				BA8B53EA1369A123009F1914 /* checkmarkControllerIcon.png in Resources */,
				BA8B53EB1369A123009F1914 /* deleteMeIcon.png in Resources */,
				BA8B53EC1369A123009F1914 /* detailEditIcon.png in Resources */,
				BA8B53ED1369A123009F1914 /* disclosureButtonControllerIcon.png in Resources */,
				BA8B53EE1369A123009F1914 /* moveMeIcon.png in Resources */,
				BA8B53F21369A15C009F1914 /* style.css in Resources */,
				BAE261B8136B024000F060AB /* SectionsView.xib in Resources */,
			);
			runOnlyForDeploymentPostprocessing = 0;
		};
		BAF8F4801345963300593BC2 /* Resources */ = {
			isa = PBXResourcesBuildPhase;
			buildActionMask = 2147483647;
			files = (
				BAF8F48E1345963300593BC2 /* InfoPlist.strings in Resources */,
				BAF8F4911345963300593BC2 /* LilybbsTests.h in Resources */,
			);
			runOnlyForDeploymentPostprocessing = 0;
		};
/* End PBXResourcesBuildPhase section */

/* Begin PBXShellScriptBuildPhase section */
		BAF8F4811345963300593BC2 /* ShellScript */ = {
			isa = PBXShellScriptBuildPhase;
			buildActionMask = 2147483647;
			files = (
			);
			inputPaths = (
			);
			outputPaths = (
			);
			runOnlyForDeploymentPostprocessing = 0;
			shellPath = /bin/sh;
			shellScript = "# Run the unit tests in this test bundle.\n\"${SYSTEM_DEVELOPER_DIR}/Tools/RunUnitTests\"\n";
		};
/* End PBXShellScriptBuildPhase section */

/* Begin PBXSourcesBuildPhase section */
		BAF8F4611345963300593BC2 /* Sources */ = {
			isa = PBXSourcesBuildPhase;
			buildActionMask = 2147483647;
			files = (
				BAF8F4771345963300593BC2 /* main.m in Sources */,
				BAF8F47A1345963300593BC2 /* LilybbsAppDelegate.m in Sources */,
				BAF8F4A913459C0600593BC2 /* MainViewController.m in Sources */,
				BAF8F4C41345A48A00593BC2 /* TopTenViewController.m in Sources */,
				BA51E18A134D958700DECA82 /* TopAllViewController.m in Sources */,
				BA0C4A37134E0840004E4D9E /* PostDetailController.m in Sources */,
				BA50CFE11360153900F95D66 /* PostDetailView.m in Sources */,
				BA50CFE51360423E00F95D66 /* PostListItemModel.m in Sources */,
				BAC4EE411361395E00D36D9B /* PostController.m in Sources */,
				BAC5F58B13631A9700F40DBD /* SampleViewController.m in Sources */,
				BAC5F58E13631AA800F40DBD /* LoginViewController.m in Sources */,
				BAC5F59113631AFD00F40DBD /* InfoCell.m in Sources */,
				BAC5F59413631B3500F40DBD /* DetailCell.m in Sources */,
				BAC5F59713631B5400F40DBD /* ToggleCell.m in Sources */,
				BA8B53BA136706C6009F1914 /* LoadingView.m in Sources */,
				BA8B53C11367DFDC009F1914 /* BaseTableViewController.m in Sources */,
				BA8B53D6136959AB009F1914 /* BaseViewController.m in Sources */,
				BA8B53F11369A15C009F1914 /* all.js in Sources */,
				BA8B53F91369A1B5009F1914 /* TFHpple.m in Sources */,
				BA8B53FA1369A1B5009F1914 /* TFHppleElement.m in Sources */,
				BA8B53FB1369A1B5009F1914 /* XPathQuery.m in Sources */,
				BA8B54141369A1CD009F1914 /* ASIAuthenticationDialog.m in Sources */,
				BA8B54151369A1CD009F1914 /* ASIDataCompressor.m in Sources */,
				BA8B54161369A1CD009F1914 /* ASIDataDecompressor.m in Sources */,
				BA8B54171369A1CD009F1914 /* ASIDownloadCache.m in Sources */,
				BA8B54181369A1CD009F1914 /* ASIFormDataRequest.m in Sources */,
				BA8B54191369A1CD009F1914 /* ASIHTTPRequest.m in Sources */,
				BA8B541A1369A1CD009F1914 /* ASIInputStream.m in Sources */,
				BA8B541B1369A1CD009F1914 /* ASINetworkQueue.m in Sources */,
				BA8B541C1369A1CD009F1914 /* ASIWebPageRequest.m in Sources */,
				BA8B541D1369A1CD009F1914 /* Reachability.m in Sources */,
				BA8B54201369A1E0009F1914 /* RegexKitLite.m in Sources */,
				BAE261B7136B024000F060AB /* SectionsViewController.m in Sources */,
			);
			runOnlyForDeploymentPostprocessing = 0;
		};
		BAF8F47E1345963300593BC2 /* Sources */ = {
			isa = PBXSourcesBuildPhase;
			buildActionMask = 2147483647;
			files = (
				BAF8F4931345963300593BC2 /* LilybbsTests.m in Sources */,
			);
			runOnlyForDeploymentPostprocessing = 0;
		};
/* End PBXSourcesBuildPhase section */

/* Begin PBXTargetDependency section */
		BAF8F4881345963300593BC2 /* PBXTargetDependency */ = {
			isa = PBXTargetDependency;
			target = BAF8F4641345963300593BC2 /* Lilybbs */;
			targetProxy = BAF8F4871345963300593BC2 /* PBXContainerItemProxy */;
		};
/* End PBXTargetDependency section */

/* Begin PBXVariantGroup section */
		BAF8F4721345963300593BC2 /* InfoPlist.strings */ = {
			isa = PBXVariantGroup;
			children = (
				BAF8F4731345963300593BC2 /* en */,
			);
			name = InfoPlist.strings;
			sourceTree = "<group>";
		};
		BAF8F47B1345963300593BC2 /* MainWindow.xib */ = {
			isa = PBXVariantGroup;
			children = (
				BAF8F47C1345963300593BC2 /* en */,
			);
			name = MainWindow.xib;
			sourceTree = "<group>";
		};
		BAF8F48C1345963300593BC2 /* InfoPlist.strings */ = {
			isa = PBXVariantGroup;
			children = (
				BAF8F48D1345963300593BC2 /* en */,
			);
			name = InfoPlist.strings;
			sourceTree = "<group>";
		};
/* End PBXVariantGroup section */

/* Begin XCBuildConfiguration section */
		BAF8F4941345963400593BC2 /* Debug */ = {
			isa = XCBuildConfiguration;
			buildSettings = {
				ARCHS = "$(ARCHS_STANDARD_32_BIT)";
				"CODE_SIGN_IDENTITY[sdk=iphoneos*]" = "iPhone Developer";
				GCC_C_LANGUAGE_STANDARD = gnu99;
				GCC_OPTIMIZATION_LEVEL = 0;
				GCC_PREPROCESSOR_DEFINITIONS = DEBUG;
				GCC_SYMBOLS_PRIVATE_EXTERN = NO;
				GCC_VERSION = com.apple.compilers.llvmgcc42;
				GCC_WARN_ABOUT_RETURN_TYPE = YES;
				GCC_WARN_UNUSED_VARIABLE = YES;
				HEADER_SEARCH_PATHS = "${SDKROOT}/usr/include/libxml2";
				"HEADER_SEARCH_PATHS[arch=*]" = "${SDKROOT}/usr/include/libxml2";
				IPHONEOS_DEPLOYMENT_TARGET = 4.3;
				New_Setting = "";
				OTHER_LDFLAGS = "-lxml2";
				"OTHER_LDFLAGS[arch=*]" = "-lxml2";
				SDKROOT = iphoneos;
			};
			name = Debug;
		};
		BAF8F4951345963400593BC2 /* Release */ = {
			isa = XCBuildConfiguration;
			buildSettings = {
				ARCHS = "$(ARCHS_STANDARD_32_BIT)";
				"CODE_SIGN_IDENTITY[sdk=iphoneos*]" = "iPhone Developer";
				GCC_C_LANGUAGE_STANDARD = gnu99;
				GCC_VERSION = com.apple.compilers.llvmgcc42;
				GCC_WARN_ABOUT_RETURN_TYPE = YES;
				GCC_WARN_UNUSED_VARIABLE = YES;
				HEADER_SEARCH_PATHS = "${SDKROOT}/usr/include/libxml2";
				"HEADER_SEARCH_PATHS[arch=*]" = "${SDKROOT}/usr/include/libxml2";
				IPHONEOS_DEPLOYMENT_TARGET = 4.3;
				New_Setting = "";
				OTHER_CFLAGS = "-DNS_BLOCK_ASSERTIONS=1";
				OTHER_LDFLAGS = "-lxml2";
				"OTHER_LDFLAGS[arch=*]" = "-lxml2";
				SDKROOT = iphoneos;
			};
			name = Release;
		};
		BAF8F4971345963400593BC2 /* Debug */ = {
			isa = XCBuildConfiguration;
			buildSettings = {
				ALWAYS_SEARCH_USER_PATHS = NO;
				COPY_PHASE_STRIP = NO;
				GCC_DYNAMIC_NO_PIC = NO;
				GCC_PRECOMPILE_PREFIX_HEADER = YES;
				GCC_PREFIX_HEADER = "Lilybbs/Lilybbs-Prefix.pch";
				"HEADER_SEARCH_PATHS[arch=*]" = "${SDKROOT}/usr/include/libxml2";
				INFOPLIST_FILE = "Lilybbs/Lilybbs-Info.plist";
				PRODUCT_NAME = "$(TARGET_NAME)";
				WRAPPER_EXTENSION = app;
			};
			name = Debug;
		};
		BAF8F4981345963400593BC2 /* Release */ = {
			isa = XCBuildConfiguration;
			buildSettings = {
				ALWAYS_SEARCH_USER_PATHS = NO;
				COPY_PHASE_STRIP = YES;
				GCC_PRECOMPILE_PREFIX_HEADER = YES;
				GCC_PREFIX_HEADER = "Lilybbs/Lilybbs-Prefix.pch";
				INFOPLIST_FILE = "Lilybbs/Lilybbs-Info.plist";
				PRODUCT_NAME = "$(TARGET_NAME)";
				VALIDATE_PRODUCT = YES;
				WRAPPER_EXTENSION = app;
			};
			name = Release;
		};
		BAF8F49A1345963400593BC2 /* Debug */ = {
			isa = XCBuildConfiguration;
			buildSettings = {
				ALWAYS_SEARCH_USER_PATHS = NO;
				BUNDLE_LOADER = "$(BUILT_PRODUCTS_DIR)/Lilybbs.app/Lilybbs";
				FRAMEWORK_SEARCH_PATHS = (
					"$(SDKROOT)/Developer/Library/Frameworks",
					"$(DEVELOPER_LIBRARY_DIR)/Frameworks",
				);
				GCC_PRECOMPILE_PREFIX_HEADER = YES;
				GCC_PREFIX_HEADER = "LilybbsTests/LilybbsTests-Prefix.pch";
				INFOPLIST_FILE = "LilybbsTests/LilybbsTests-Info.plist";
				OTHER_LDFLAGS = (
					"-framework",
					SenTestingKit,
				);
				PRODUCT_NAME = "$(TARGET_NAME)";
				TEST_HOST = "$(BUNDLE_LOADER)";
				WRAPPER_EXTENSION = octest;
			};
			name = Debug;
		};
		BAF8F49B1345963400593BC2 /* Release */ = {
			isa = XCBuildConfiguration;
			buildSettings = {
				ALWAYS_SEARCH_USER_PATHS = NO;
				BUNDLE_LOADER = "$(BUILT_PRODUCTS_DIR)/Lilybbs.app/Lilybbs";
				FRAMEWORK_SEARCH_PATHS = (
					"$(SDKROOT)/Developer/Library/Frameworks",
					"$(DEVELOPER_LIBRARY_DIR)/Frameworks",
				);
				GCC_PRECOMPILE_PREFIX_HEADER = YES;
				GCC_PREFIX_HEADER = "LilybbsTests/LilybbsTests-Prefix.pch";
				INFOPLIST_FILE = "LilybbsTests/LilybbsTests-Info.plist";
				OTHER_LDFLAGS = (
					"-framework",
					SenTestingKit,
				);
				PRODUCT_NAME = "$(TARGET_NAME)";
				TEST_HOST = "$(BUNDLE_LOADER)";
				WRAPPER_EXTENSION = octest;
			};
			name = Release;
		};
/* End XCBuildConfiguration section */

/* Begin XCConfigurationList section */
		BAF8F45F1345963300593BC2 /* Build configuration list for PBXProject "Lilybbs" */ = {
			isa = XCConfigurationList;
			buildConfigurations = (
				BAF8F4941345963400593BC2 /* Debug */,
				BAF8F4951345963400593BC2 /* Release */,
			);
			defaultConfigurationIsVisible = 0;
			defaultConfigurationName = Release;
		};
		BAF8F4961345963400593BC2 /* Build configuration list for PBXNativeTarget "Lilybbs" */ = {
			isa = XCConfigurationList;
			buildConfigurations = (
				BAF8F4971345963400593BC2 /* Debug */,
				BAF8F4981345963400593BC2 /* Release */,
			);
			defaultConfigurationIsVisible = 0;
			defaultConfigurationName = Release;
		};
		BAF8F4991345963400593BC2 /* Build configuration list for PBXNativeTarget "LilybbsTests" */ = {
			isa = XCConfigurationList;
			buildConfigurations = (
				BAF8F49A1345963400593BC2 /* Debug */,
				BAF8F49B1345963400593BC2 /* Release */,
			);
			defaultConfigurationIsVisible = 0;
			defaultConfigurationName = Release;
		};
/* End XCConfigurationList section */
	};
	rootObject = BAF8F45C1345963300593BC2 /* Project object */;
}
